// !$*UTF8*$!
{
	archiveVersion = 1;
	classes = {
	};
	objectVersion = 55;
	objects = {

/* Begin PBXBuildFile section */
		674577EB2ECA3FE5DF48AC77 /* MachineCodeInterpreter.swift in Sources */ = {isa = PBXBuildFile; fileRef = 67457BD742D5A7ACDED1DD53 /* MachineCodeInterpreter.swift */; };
		67457A76A50C603DACE67448 /* LinkedList.swift in Sources */ = {isa = PBXBuildFile; fileRef = 674578144F2E39749F55C7DC /* LinkedList.swift */; };
		67457E37B037C2038CEBCFE2 /* Node.swift in Sources */ = {isa = PBXBuildFile; fileRef = 674574F8BC649FD0EF14E126 /* Node.swift */; };
		97C9C3DB2742EEFF000966C2 /* Stack.swift in Sources */ = {isa = PBXBuildFile; fileRef = 97C9C3D92742EEFF000966C2 /* Stack.swift */; };
		F941D0C9273DDA1300DE588D /* AppDelegate.swift in Sources */ = {isa = PBXBuildFile; fileRef = F941D0C8273DDA1300DE588D /* AppDelegate.swift */; };
		F941D0CB273DDA1300DE588D /* ViewController.swift in Sources */ = {isa = PBXBuildFile; fileRef = F941D0CA273DDA1300DE588D /* ViewController.swift */; };
		F941D0CD273DDA1500DE588D /* Assets.xcassets in Resources */ = {isa = PBXBuildFile; fileRef = F941D0CC273DDA1500DE588D /* Assets.xcassets */; };
		F941D0D0273DDA1500DE588D /* Main.storyboard in Resources */ = {isa = PBXBuildFile; fileRef = F941D0CE273DDA1500DE588D /* Main.storyboard */; };
/* End PBXBuildFile section */

/* Begin PBXFileReference section */
		674574F8BC649FD0EF14E126 /* Node.swift */ = {isa = PBXFileReference; fileEncoding = 4; lastKnownFileType = sourcecode.swift; path = Node.swift; sourceTree = "<group>"; };
		674578144F2E39749F55C7DC /* LinkedList.swift */ = {isa = PBXFileReference; fileEncoding = 4; lastKnownFileType = sourcecode.swift; path = LinkedList.swift; sourceTree = "<group>"; };
		67457BD742D5A7ACDED1DD53 /* MachineCodeInterpreter.swift */ = {isa = PBXFileReference; fileEncoding = 4; lastKnownFileType = sourcecode.swift; path = MachineCodeInterpreter.swift; sourceTree = "<group>"; };
		97C9C3D92742EEFF000966C2 /* Stack.swift */ = {isa = PBXFileReference; fileEncoding = 4; lastKnownFileType = sourcecode.swift; name = Stack.swift; path = VirtualMachine/Stack/Stack.swift; sourceTree = SOURCE_ROOT; };
		F941D0C5273DDA1300DE588D /* VirtualMachine.app */ = {isa = PBXFileReference; explicitFileType = wrapper.application; includeInIndex = 0; path = VirtualMachine.app; sourceTree = BUILT_PRODUCTS_DIR; };
		F941D0C8273DDA1300DE588D /* AppDelegate.swift */ = {isa = PBXFileReference; lastKnownFileType = sourcecode.swift; path = AppDelegate.swift; sourceTree = "<group>"; };
		F941D0CA273DDA1300DE588D /* ViewController.swift */ = {isa = PBXFileReference; lastKnownFileType = sourcecode.swift; path = ViewController.swift; sourceTree = "<group>"; };
		F941D0CC273DDA1500DE588D /* Assets.xcassets */ = {isa = PBXFileReference; lastKnownFileType = folder.assetcatalog; path = Assets.xcassets; sourceTree = "<group>"; };
		F941D0CF273DDA1500DE588D /* Base */ = {isa = PBXFileReference; lastKnownFileType = file.storyboard; name = Base; path = Base.lproj/Main.storyboard; sourceTree = "<group>"; };
		F941D0D1273DDA1500DE588D /* VirtualMachine.entitlements */ = {isa = PBXFileReference; lastKnownFileType = text.plist.entitlements; path = VirtualMachine.entitlements; sourceTree = "<group>"; };
/* End PBXFileReference section */

/* Begin PBXFrameworksBuildPhase section */
		F941D0C2273DDA1300DE588D /* Frameworks */ = {
			isa = PBXFrameworksBuildPhase;
			buildActionMask = 2147483647;
			files = (
			);
			runOnlyForDeploymentPostprocessing = 0;
		};
/* End PBXFrameworksBuildPhase section */

/* Begin PBXGroup section */
		197432F92743CEBD006DBF56 /* Stack */ = {
			isa = PBXGroup;
			children = (
				97C9C3D92742EEFF000966C2 /* Stack.swift */,
			);
			path = Stack;
			sourceTree = "<group>";
		};
		1990AAC22742B29A005DD8EF /* LinkedList */ = {
			isa = PBXGroup;
			children = (
				674574F8BC649FD0EF14E126 /* Node.swift */,
				674578144F2E39749F55C7DC /* LinkedList.swift */,
			);
			path = LinkedList;
			sourceTree = "<group>";
		};
		1990AAC32742B2B0005DD8EF /* MachineCodeInterpreter */ = {
			isa = PBXGroup;
			children = (
				67457BD742D5A7ACDED1DD53 /* MachineCodeInterpreter.swift */,
			);
			path = MachineCodeInterpreter;
			sourceTree = "<group>";
		};
		F941D0BC273DDA1300DE588D = {
			isa = PBXGroup;
			children = (
				F941D0C7273DDA1300DE588D /* VirtualMachine */,
				F941D0C6273DDA1300DE588D /* Products */,
			);
			sourceTree = "<group>";
		};
		F941D0C6273DDA1300DE588D /* Products */ = {
			isa = PBXGroup;
			children = (
				F941D0C5273DDA1300DE588D /* VirtualMachine.app */,
			);
			name = Products;
			sourceTree = "<group>";
		};
		F941D0C7273DDA1300DE588D /* VirtualMachine */ = {
			isa = PBXGroup;
			children = (
				197432F92743CEBD006DBF56 /* Stack */,
				1990AAC22742B29A005DD8EF /* LinkedList */,
				F941D0C8273DDA1300DE588D /* AppDelegate.swift */,
				F941D0CA273DDA1300DE588D /* ViewController.swift */,
				F941D0CC273DDA1500DE588D /* Assets.xcassets */,
				F941D0CE273DDA1500DE588D /* Main.storyboard */,
				F941D0D1273DDA1500DE588D /* VirtualMachine.entitlements */,
				1990AAC32742B2B0005DD8EF /* MachineCodeInterpreter */,
			);
			path = VirtualMachine;
			sourceTree = "<group>";
		};
/* End PBXGroup section */

/* Begin PBXNativeTarget section */
		F941D0C4273DDA1300DE588D /* VirtualMachine */ = {
			isa = PBXNativeTarget;
			buildConfigurationList = F941D0D4273DDA1500DE588D /* Build configuration list for PBXNativeTarget "VirtualMachine" */;
			buildPhases = (
				F941D0C1273DDA1300DE588D /* Sources */,
				F941D0C2273DDA1300DE588D /* Frameworks */,
				F941D0C3273DDA1300DE588D /* Resources */,
			);
			buildRules = (
			);
			dependencies = (
			);
			name = VirtualMachine;
			productName = VirtualMachine;
			productReference = F941D0C5273DDA1300DE588D /* VirtualMachine.app */;
			productType = "com.apple.product-type.application";
		};
/* End PBXNativeTarget section */

/* Begin PBXProject section */
		F941D0BD273DDA1300DE588D /* Project object */ = {
			isa = PBXProject;
			attributes = {
				BuildIndependentTargetsInParallel = 1;
				LastSwiftUpdateCheck = 1310;
				LastUpgradeCheck = 1310;
				TargetAttributes = {
					F941D0C4273DDA1300DE588D = {
						CreatedOnToolsVersion = 13.1;
					};
				};
			};
			buildConfigurationList = F941D0C0273DDA1300DE588D /* Build configuration list for PBXProject "VirtualMachine" */;
			compatibilityVersion = "Xcode 13.0";
			developmentRegion = en;
			hasScannedForEncodings = 0;
			knownRegions = (
				en,
				Base,
			);
			mainGroup = F941D0BC273DDA1300DE588D;
			productRefGroup = F941D0C6273DDA1300DE588D /* Products */;
			projectDirPath = "";
			projectRoot = "";
			targets = (
				F941D0C4273DDA1300DE588D /* VirtualMachine */,
			);
		};
/* End PBXProject section */

/* Begin PBXResourcesBuildPhase section */
		F941D0C3273DDA1300DE588D /* Resources */ = {
			isa = PBXResourcesBuildPhase;
			buildActionMask = 2147483647;
			files = (
				F941D0CD273DDA1500DE588D /* Assets.xcassets in Resources */,
				F941D0D0273DDA1500DE588D /* Main.storyboard in Resources */,
			);
			runOnlyForDeploymentPostprocessing = 0;
		};
/* End PBXResourcesBuildPhase section */

/* Begin PBXSourcesBuildPhase section */
		F941D0C1273DDA1300DE588D /* Sources */ = {
			isa = PBXSourcesBuildPhase;
			buildActionMask = 2147483647;
			files = (
				F941D0CB273DDA1300DE588D /* ViewController.swift in Sources */,
				F941D0C9273DDA1300DE588D /* AppDelegate.swift in Sources */,
				97C9C3DB2742EEFF000966C2 /* Stack.swift in Sources */,
				674577EB2ECA3FE5DF48AC77 /* MachineCodeInterpreter.swift in Sources */,
				67457A76A50C603DACE67448 /* LinkedList.swift in Sources */,
				67457E37B037C2038CEBCFE2 /* Node.swift in Sources */,
			);
			runOnlyForDeploymentPostprocessing = 0;
		};
/* End PBXSourcesBuildPhase section */

/* Begin PBXVariantGroup section */
		F941D0CE273DDA1500DE588D /* Main.storyboard */ = {
			isa = PBXVariantGroup;
			children = (
				F941D0CF273DDA1500DE588D /* Base */,
			);
			name = Main.storyboard;
			sourceTree = "<group>";
		};
/* End PBXVariantGroup section */

/* Begin XCBuildConfiguration section */
		F941D0D2273DDA1500DE588D /* Debug */ = {
			isa = XCBuildConfiguration;
			buildSettings = {
				ALWAYS_SEARCH_USER_PATHS = NO;
				CLANG_ANALYZER_NONNULL = YES;
				CLANG_ANALYZER_NUMBER_OBJECT_CONVERSION = YES_AGGRESSIVE;
				CLANG_CXX_LANGUAGE_STANDARD = "gnu++17";
				CLANG_CXX_LIBRARY = "libc++";
				CLANG_ENABLE_MODULES = YES;
				CLANG_ENABLE_OBJC_ARC = YES;
				CLANG_ENABLE_OBJC_WEAK = YES;
				CLANG_WARN_BLOCK_CAPTURE_AUTORELEASING = YES;
				CLANG_WARN_BOOL_CONVERSION = YES;
				CLANG_WARN_COMMA = YES;
				CLANG_WARN_CONSTANT_CONVERSION = YES;
				CLANG_WARN_DEPRECATED_OBJC_IMPLEMENTATIONS = YES;
				CLANG_WARN_DIRECT_OBJC_ISA_USAGE = YES_ERROR;
				CLANG_WARN_DOCUMENTATION_COMMENTS = YES;
				CLANG_WARN_EMPTY_BODY = YES;
				CLANG_WARN_ENUM_CONVERSION = YES;
				CLANG_WARN_INFINITE_RECURSION = YES;
				CLANG_WARN_INT_CONVERSION = YES;
				CLANG_WARN_NON_LITERAL_NULL_CONVERSION = YES;
				CLANG_WARN_OBJC_IMPLICIT_RETAIN_SELF = YES;
				CLANG_WARN_OBJC_LITERAL_CONVERSION = YES;
				CLANG_WARN_OBJC_ROOT_CLASS = YES_ERROR;
				CLANG_WARN_QUOTED_INCLUDE_IN_FRAMEWORK_HEADER = YES;
				CLANG_WARN_RANGE_LOOP_ANALYSIS = YES;
				CLANG_WARN_STRICT_PROTOTYPES = YES;
				CLANG_WARN_SUSPICIOUS_MOVE = YES;
				CLANG_WARN_UNGUARDED_AVAILABILITY = YES_AGGRESSIVE;
				CLANG_WARN_UNREACHABLE_CODE = YES;
				CLANG_WARN__DUPLICATE_METHOD_MATCH = YES;
				COPY_PHASE_STRIP = NO;
				DEBUG_INFORMATION_FORMAT = dwarf;
				ENABLE_STRICT_OBJC_MSGSEND = YES;
				ENABLE_TESTABILITY = YES;
				GCC_C_LANGUAGE_STANDARD = gnu11;
				GCC_DYNAMIC_NO_PIC = NO;
				GCC_NO_COMMON_BLOCKS = NO;
				GCC_OPTIMIZATION_LEVEL = 0;
				GCC_PREPROCESSOR_DEFINITIONS = (
					"DEBUG=1",
					"$(inherited)",
				);
				GCC_WARN_64_TO_32_BIT_CONVERSION = YES;
				GCC_WARN_ABOUT_RETURN_TYPE = YES_ERROR;
				GCC_WARN_UNDECLARED_SELECTOR = YES;
				GCC_WARN_UNINITIALIZED_AUTOS = YES_AGGRESSIVE;
				GCC_WARN_UNUSED_FUNCTION = YES;
				GCC_WARN_UNUSED_VARIABLE = YES;
				MACOSX_DEPLOYMENT_TARGET = 11.5;
				MTL_ENABLE_DEBUG_INFO = INCLUDE_SOURCE;
				MTL_FAST_MATH = YES;
				ONLY_ACTIVE_ARCH = YES;
				SDKROOT = macosx;
				SWIFT_ACTIVE_COMPILATION_CONDITIONS = DEBUG;
				SWIFT_OPTIMIZATION_LEVEL = "-Onone";
			};
			name = Debug;
		};
		F941D0D3273DDA1500DE588D /* Release */ = {
			isa = XCBuildConfiguration;
			buildSettings = {
				ALWAYS_SEARCH_USER_PATHS = NO;
				CLANG_ANALYZER_NONNULL = YES;
				CLANG_ANALYZER_NUMBER_OBJECT_CONVERSION = YES_AGGRESSIVE;
				CLANG_CXX_LANGUAGE_STANDARD = "gnu++17";
				CLANG_CXX_LIBRARY = "libc++";
				CLANG_ENABLE_MODULES = YES;
				CLANG_ENABLE_OBJC_ARC = YES;
				CLANG_ENABLE_OBJC_WEAK = YES;
				CLANG_WARN_BLOCK_CAPTURE_AUTORELEASING = YES;
				CLANG_WARN_BOOL_CONVERSION = YES;
				CLANG_WARN_COMMA = YES;
				CLANG_WARN_CONSTANT_CONVERSION = YES;
				CLANG_WARN_DEPRECATED_OBJC_IMPLEMENTATIONS = YES;
				CLANG_WARN_DIRECT_OBJC_ISA_USAGE = YES_ERROR;
				CLANG_WARN_DOCUMENTATION_COMMENTS = YES;
				CLANG_WARN_EMPTY_BODY = YES;
				CLANG_WARN_ENUM_CONVERSION = YES;
				CLANG_WARN_INFINITE_RECURSION = YES;
				CLANG_WARN_INT_CONVERSION = YES;
				CLANG_WARN_NON_LITERAL_NULL_CONVERSION = YES;
				CLANG_WARN_OBJC_IMPLICIT_RETAIN_SELF = YES;
				CLANG_WARN_OBJC_LITERAL_CONVERSION = YES;
				CLANG_WARN_OBJC_ROOT_CLASS = YES_ERROR;
				CLANG_WARN_QUOTED_INCLUDE_IN_FRAMEWORK_HEADER = YES;
				CLANG_WARN_RANGE_LOOP_ANALYSIS = YES;
				CLANG_WARN_STRICT_PROTOTYPES = YES;
				CLANG_WARN_SUSPICIOUS_MOVE = YES;
				CLANG_WARN_UNGUARDED_AVAILABILITY = YES_AGGRESSIVE;
				CLANG_WARN_UNREACHABLE_CODE = YES;
				CLANG_WARN__DUPLICATE_METHOD_MATCH = YES;
				COPY_PHASE_STRIP = NO;
				DEBUG_INFORMATION_FORMAT = "dwarf-with-dsym";
				ENABLE_NS_ASSERTIONS = NO;
				ENABLE_STRICT_OBJC_MSGSEND = YES;
				GCC_C_LANGUAGE_STANDARD = gnu11;
				GCC_NO_COMMON_BLOCKS = NO;
				GCC_WARN_64_TO_32_BIT_CONVERSION = YES;
				GCC_WARN_ABOUT_RETURN_TYPE = YES_ERROR;
				GCC_WARN_UNDECLARED_SELECTOR = YES;
				GCC_WARN_UNINITIALIZED_AUTOS = YES_AGGRESSIVE;
				GCC_WARN_UNUSED_FUNCTION = YES;
				GCC_WARN_UNUSED_VARIABLE = YES;
				MACOSX_DEPLOYMENT_TARGET = 11.5;
				MTL_ENABLE_DEBUG_INFO = NO;
				MTL_FAST_MATH = YES;
				ONLY_ACTIVE_ARCH = YES;
				SDKROOT = macosx;
				SWIFT_COMPILATION_MODE = wholemodule;
				SWIFT_OPTIMIZATION_LEVEL = "-O";
			};
			name = Release;
		};
		F941D0D5273DDA1500DE588D /* Debug */ = {
			isa = XCBuildConfiguration;
			buildSettings = {
				ASSETCATALOG_COMPILER_APPICON_NAME = AppIcon;
				ASSETCATALOG_COMPILER_GLOBAL_ACCENT_COLOR_NAME = AccentColor;
				CODE_SIGN_ENTITLEMENTS = VirtualMachine/VirtualMachine.entitlements;
				CODE_SIGN_IDENTITY = "Apple Development";
				CODE_SIGN_STYLE = Automatic;
				COMBINE_HIDPI_IMAGES = YES;
				CURRENT_PROJECT_VERSION = 1;
				DEVELOPMENT_TEAM = T6BCWXVDAF;
				ENABLE_HARDENED_RUNTIME = YES;
				GENERATE_INFOPLIST_FILE = YES;
				INFOPLIST_KEY_NSHumanReadableCopyright = "";
				INFOPLIST_KEY_NSMainStoryboardFile = Main;
				INFOPLIST_KEY_NSPrincipalClass = NSApplication;
				LD_RUNPATH_SEARCH_PATHS = (
					"$(inherited)",
					"@executable_path/../Frameworks",
				);
				MARKETING_VERSION = 1.0;
				OTHER_CODE_SIGN_FLAGS = "--deep";
				PRODUCT_BUNDLE_IDENTIFIER = com.bpmapp.VirtualMachine;
				PRODUCT_NAME = "$(TARGET_NAME)";
				SWIFT_EMIT_LOC_STRINGS = YES;
				SWIFT_VERSION = 5.0;
			};
			name = Debug;
		};
		F941D0D6273DDA1500DE588D /* Release */ = {
			isa = XCBuildConfiguration;
			buildSettings = {
				ASSETCATALOG_COMPILER_APPICON_NAME = AppIcon;
				ASSETCATALOG_COMPILER_GLOBAL_ACCENT_COLOR_NAME = AccentColor;
				CODE_SIGN_ENTITLEMENTS = VirtualMachine/VirtualMachine.entitlements;
				CODE_SIGN_IDENTITY = "Apple Development";
				CODE_SIGN_STYLE = Automatic;
				COMBINE_HIDPI_IMAGES = YES;
				CURRENT_PROJECT_VERSION = 1;
				DEVELOPMENT_TEAM = T6BCWXVDAF;
				ENABLE_HARDENED_RUNTIME = YES;
				GENERATE_INFOPLIST_FILE = YES;
				INFOPLIST_KEY_NSHumanReadableCopyright = "";
				INFOPLIST_KEY_NSMainStoryboardFile = Main;
				INFOPLIST_KEY_NSPrincipalClass = NSApplication;
				LD_RUNPATH_SEARCH_PATHS = (
					"$(inherited)",
					"@executable_path/../Frameworks",
				);
				MARKETING_VERSION = 1.0;
				OTHER_CODE_SIGN_FLAGS = "--deep";
				"OTHER_CODE_SIGN_FLAGS[sdk=*]" = "--deep";
				PRODUCT_BUNDLE_IDENTIFIER = com.bpmapp.VirtualMachine;
				PRODUCT_NAME = "$(TARGET_NAME)";
				SWIFT_EMIT_LOC_STRINGS = YES;
				SWIFT_VERSION = 5.0;
			};
			name = Release;
		};
/* End XCBuildConfiguration section */

/* Begin XCConfigurationList section */
		F941D0C0273DDA1300DE588D /* Build configuration list for PBXProject "VirtualMachine" */ = {
			isa = XCConfigurationList;
			buildConfigurations = (
				F941D0D2273DDA1500DE588D /* Debug */,
				F941D0D3273DDA1500DE588D /* Release */,
			);
			defaultConfigurationIsVisible = 0;
			defaultConfigurationName = Release;
		};
		F941D0D4273DDA1500DE588D /* Build configuration list for PBXNativeTarget "VirtualMachine" */ = {
			isa = XCConfigurationList;
			buildConfigurations = (
				F941D0D5273DDA1500DE588D /* Debug */,
				F941D0D6273DDA1500DE588D /* Release */,
			);
			defaultConfigurationIsVisible = 0;
			defaultConfigurationName = Release;
		};
/* End XCConfigurationList section */
	};
	rootObject = F941D0BD273DDA1300DE588D /* Project object */;
}
